// !$*UTF8*$!
{
	archiveVersion = 1;
	classes = {
	};
	objectVersion = 77;
	objects = {

/* Begin PBXBuildFile section */
		7C3AF5622D5C49C1005ABF7D /* FirebaseFirestore in Frameworks */ = {isa = PBXBuildFile; productRef = 7C3AF5612D5C49C1005ABF7D /* FirebaseFirestore */; };
		7C3AF5642D5C4ADC005ABF7D /* FirebaseStorage in Frameworks */ = {isa = PBXBuildFile; productRef = 7C3AF5632D5C4ADC005ABF7D /* FirebaseStorage */; };
		7C3AF5662D5C9896005ABF7D /* FirebaseAuth in Frameworks */ = {isa = PBXBuildFile; productRef = 7C3AF5652D5C9896005ABF7D /* FirebaseAuth */; };
		7C3AF5682D5C9BEB005ABF7D /* FirebaseAuthCombine-Community in Frameworks */ = {isa = PBXBuildFile; productRef = 7C3AF5672D5C9BEB005ABF7D /* FirebaseAuthCombine-Community */; };
		7C3AF56A2D5C9BEB005ABF7D /* FirebaseCore in Frameworks */ = {isa = PBXBuildFile; productRef = 7C3AF5692D5C9BEB005ABF7D /* FirebaseCore */; };
		7C3AF56C2D5C9BEB005ABF7D /* FirebaseCrashlytics in Frameworks */ = {isa = PBXBuildFile; productRef = 7C3AF56B2D5C9BEB005ABF7D /* FirebaseCrashlytics */; };
		7C3AF56E2D5C9BEB005ABF7D /* FirebaseDatabase in Frameworks */ = {isa = PBXBuildFile; productRef = 7C3AF56D2D5C9BEB005ABF7D /* FirebaseDatabase */; };
		7C3AF5702D5C9BEB005ABF7D /* FirebaseDynamicLinks in Frameworks */ = {isa = PBXBuildFile; productRef = 7C3AF56F2D5C9BEB005ABF7D /* FirebaseDynamicLinks */; };
		7C3AF5722D5C9BEB005ABF7D /* FirebaseFirestoreCombine-Community in Frameworks */ = {isa = PBXBuildFile; productRef = 7C3AF5712D5C9BEB005ABF7D /* FirebaseFirestoreCombine-Community */; };
		7C3AF5742D5C9BEB005ABF7D /* FirebaseFunctions in Frameworks */ = {isa = PBXBuildFile; productRef = 7C3AF5732D5C9BEB005ABF7D /* FirebaseFunctions */; };
		7C3AF5762D5C9BEB005ABF7D /* FirebaseFunctionsCombine-Community in Frameworks */ = {isa = PBXBuildFile; productRef = 7C3AF5752D5C9BEB005ABF7D /* FirebaseFunctionsCombine-Community */; };
		7C3AF5782D5C9BEB005ABF7D /* FirebaseInAppMessaging-Beta in Frameworks */ = {isa = PBXBuildFile; productRef = 7C3AF5772D5C9BEB005ABF7D /* FirebaseInAppMessaging-Beta */; };
		7C3AF57A2D5C9BEB005ABF7D /* FirebaseInstallations in Frameworks */ = {isa = PBXBuildFile; productRef = 7C3AF5792D5C9BEB005ABF7D /* FirebaseInstallations */; };
		7C3AF57C2D5C9BEB005ABF7D /* FirebaseMLModelDownloader in Frameworks */ = {isa = PBXBuildFile; productRef = 7C3AF57B2D5C9BEB005ABF7D /* FirebaseMLModelDownloader */; };
		7C3AF57E2D5C9BEB005ABF7D /* FirebaseMessaging in Frameworks */ = {isa = PBXBuildFile; productRef = 7C3AF57D2D5C9BEB005ABF7D /* FirebaseMessaging */; };
		7C3AF5802D5C9BEB005ABF7D /* FirebasePerformance in Frameworks */ = {isa = PBXBuildFile; productRef = 7C3AF57F2D5C9BEB005ABF7D /* FirebasePerformance */; };
		7C3AF5822D5C9BEB005ABF7D /* FirebaseRemoteConfig in Frameworks */ = {isa = PBXBuildFile; productRef = 7C3AF5812D5C9BEB005ABF7D /* FirebaseRemoteConfig */; };
		7C3AF5842D5C9BEB005ABF7D /* FirebaseStorageCombine-Community in Frameworks */ = {isa = PBXBuildFile; productRef = 7C3AF5832D5C9BEB005ABF7D /* FirebaseStorageCombine-Community */; };
		7C3AF5862D5C9BEB005ABF7D /* FirebaseVertexAI in Frameworks */ = {isa = PBXBuildFile; productRef = 7C3AF5852D5C9BEB005ABF7D /* FirebaseVertexAI */; };
		7C67CC1F2D5B766200A3E2C8 /* FirebaseAnalytics in Frameworks */ = {isa = PBXBuildFile; productRef = 7C67CC1E2D5B766200A3E2C8 /* FirebaseAnalytics */; };
		7C67CC212D5B766200A3E2C8 /* FirebaseAnalyticsOnDeviceConversion in Frameworks */ = {isa = PBXBuildFile; productRef = 7C67CC202D5B766200A3E2C8 /* FirebaseAnalyticsOnDeviceConversion */; };
		7C67CC232D5B766200A3E2C8 /* FirebaseAnalyticsWithoutAdIdSupport in Frameworks */ = {isa = PBXBuildFile; productRef = 7C67CC222D5B766200A3E2C8 /* FirebaseAnalyticsWithoutAdIdSupport */; };
		7C67CC252D5B766200A3E2C8 /* FirebaseAppCheck in Frameworks */ = {isa = PBXBuildFile; productRef = 7C67CC242D5B766200A3E2C8 /* FirebaseAppCheck */; };
		7C67CC272D5B766200A3E2C8 /* FirebaseAppDistribution-Beta in Frameworks */ = {isa = PBXBuildFile; productRef = 7C67CC262D5B766200A3E2C8 /* FirebaseAppDistribution-Beta */; };
		7CD81A782D5F788400CB297D /* SwiftSMTP in Frameworks */ = {isa = PBXBuildFile; productRef = 7CD81A772D5F788400CB297D /* SwiftSMTP */; };
/* End PBXBuildFile section */

/* Begin PBXFileReference section */
		7C67CC0A2D5B759800A3E2C8 /* HMS-Team-3.app */ = {isa = PBXFileReference; explicitFileType = wrapper.application; includeInIndex = 0; path = "HMS-Team-3.app"; sourceTree = BUILT_PRODUCTS_DIR; };
/* End PBXFileReference section */

/* Begin PBXFileSystemSynchronizedRootGroup section */
		7C67CC0C2D5B759800A3E2C8 /* HMS-Team-3 */ = {
			isa = PBXFileSystemSynchronizedRootGroup;
			path = "HMS-Team-3";
			sourceTree = "<group>";
		};
/* End PBXFileSystemSynchronizedRootGroup section */

/* Begin PBXFrameworksBuildPhase section */
		7C67CC072D5B759800A3E2C8 /* Frameworks */ = {
			isa = PBXFrameworksBuildPhase;
			buildActionMask = 2147483647;
			files = (
				7C67CC252D5B766200A3E2C8 /* FirebaseAppCheck in Frameworks */,
				7C3AF5862D5C9BEB005ABF7D /* FirebaseVertexAI in Frameworks */,
				7C3AF5682D5C9BEB005ABF7D /* FirebaseAuthCombine-Community in Frameworks */,
				7C67CC1F2D5B766200A3E2C8 /* FirebaseAnalytics in Frameworks */,
				7C3AF5842D5C9BEB005ABF7D /* FirebaseStorageCombine-Community in Frameworks */,
				7C3AF57A2D5C9BEB005ABF7D /* FirebaseInstallations in Frameworks */,
				7C67CC272D5B766200A3E2C8 /* FirebaseAppDistribution-Beta in Frameworks */,
				7CD81A782D5F788400CB297D /* SwiftSMTP in Frameworks */,
				7C67CC232D5B766200A3E2C8 /* FirebaseAnalyticsWithoutAdIdSupport in Frameworks */,
				7C3AF5782D5C9BEB005ABF7D /* FirebaseInAppMessaging-Beta in Frameworks */,
				7C3AF56C2D5C9BEB005ABF7D /* FirebaseCrashlytics in Frameworks */,
				7C3AF56E2D5C9BEB005ABF7D /* FirebaseDatabase in Frameworks */,
				7C3AF5762D5C9BEB005ABF7D /* FirebaseFunctionsCombine-Community in Frameworks */,
				7C3AF5642D5C4ADC005ABF7D /* FirebaseStorage in Frameworks */,
				7C3AF5822D5C9BEB005ABF7D /* FirebaseRemoteConfig in Frameworks */,
				7C3AF56A2D5C9BEB005ABF7D /* FirebaseCore in Frameworks */,
				7C3AF57E2D5C9BEB005ABF7D /* FirebaseMessaging in Frameworks */,
				7C3AF57C2D5C9BEB005ABF7D /* FirebaseMLModelDownloader in Frameworks */,
				7C3AF5802D5C9BEB005ABF7D /* FirebasePerformance in Frameworks */,
				7C67CC212D5B766200A3E2C8 /* FirebaseAnalyticsOnDeviceConversion in Frameworks */,
				7C3AF5622D5C49C1005ABF7D /* FirebaseFirestore in Frameworks */,
				7C3AF5662D5C9896005ABF7D /* FirebaseAuth in Frameworks */,
				7C3AF5742D5C9BEB005ABF7D /* FirebaseFunctions in Frameworks */,
				7C3AF5702D5C9BEB005ABF7D /* FirebaseDynamicLinks in Frameworks */,
				7C3AF5722D5C9BEB005ABF7D /* FirebaseFirestoreCombine-Community in Frameworks */,
			);
			runOnlyForDeploymentPostprocessing = 0;
		};
/* End PBXFrameworksBuildPhase section */

/* Begin PBXGroup section */
		7C3AF5602D5C49C1005ABF7D /* Frameworks */ = {
			isa = PBXGroup;
			children = (
			);
			name = Frameworks;
			sourceTree = "<group>";
		};
		7C67CC012D5B759800A3E2C8 = {
			isa = PBXGroup;
			children = (
				7C67CC0C2D5B759800A3E2C8 /* HMS-Team-3 */,
				7C3AF5602D5C49C1005ABF7D /* Frameworks */,
				7C67CC0B2D5B759800A3E2C8 /* Products */,
			);
			sourceTree = "<group>";
		};
		7C67CC0B2D5B759800A3E2C8 /* Products */ = {
			isa = PBXGroup;
			children = (
				7C67CC0A2D5B759800A3E2C8 /* HMS-Team-3.app */,
			);
			name = Products;
			sourceTree = "<group>";
		};
/* End PBXGroup section */

/* Begin PBXNativeTarget section */
		7C67CC092D5B759800A3E2C8 /* HMS-Team-3 */ = {
			isa = PBXNativeTarget;
			buildConfigurationList = 7C67CC182D5B759900A3E2C8 /* Build configuration list for PBXNativeTarget "HMS-Team-3" */;
			buildPhases = (
				7C67CC062D5B759800A3E2C8 /* Sources */,
				7C67CC072D5B759800A3E2C8 /* Frameworks */,
				7C67CC082D5B759800A3E2C8 /* Resources */,
			);
			buildRules = (
			);
			dependencies = (
			);
			fileSystemSynchronizedGroups = (
				7C67CC0C2D5B759800A3E2C8 /* HMS-Team-3 */,
			);
			name = "HMS-Team-3";
			packageProductDependencies = (
				7C67CC1E2D5B766200A3E2C8 /* FirebaseAnalytics */,
				7C67CC202D5B766200A3E2C8 /* FirebaseAnalyticsOnDeviceConversion */,
				7C67CC222D5B766200A3E2C8 /* FirebaseAnalyticsWithoutAdIdSupport */,
				7C67CC242D5B766200A3E2C8 /* FirebaseAppCheck */,
				7C67CC262D5B766200A3E2C8 /* FirebaseAppDistribution-Beta */,
				7C3AF5612D5C49C1005ABF7D /* FirebaseFirestore */,
				7C3AF5632D5C4ADC005ABF7D /* FirebaseStorage */,
				7C3AF5652D5C9896005ABF7D /* FirebaseAuth */,
				7C3AF5672D5C9BEB005ABF7D /* FirebaseAuthCombine-Community */,
				7C3AF5692D5C9BEB005ABF7D /* FirebaseCore */,
				7C3AF56B2D5C9BEB005ABF7D /* FirebaseCrashlytics */,
				7C3AF56D2D5C9BEB005ABF7D /* FirebaseDatabase */,
				7C3AF56F2D5C9BEB005ABF7D /* FirebaseDynamicLinks */,
				7C3AF5712D5C9BEB005ABF7D /* FirebaseFirestoreCombine-Community */,
				7C3AF5732D5C9BEB005ABF7D /* FirebaseFunctions */,
				7C3AF5752D5C9BEB005ABF7D /* FirebaseFunctionsCombine-Community */,
				7C3AF5772D5C9BEB005ABF7D /* FirebaseInAppMessaging-Beta */,
				7C3AF5792D5C9BEB005ABF7D /* FirebaseInstallations */,
				7C3AF57B2D5C9BEB005ABF7D /* FirebaseMLModelDownloader */,
				7C3AF57D2D5C9BEB005ABF7D /* FirebaseMessaging */,
				7C3AF57F2D5C9BEB005ABF7D /* FirebasePerformance */,
				7C3AF5812D5C9BEB005ABF7D /* FirebaseRemoteConfig */,
				7C3AF5832D5C9BEB005ABF7D /* FirebaseStorageCombine-Community */,
				7C3AF5852D5C9BEB005ABF7D /* FirebaseVertexAI */,
				7CD81A772D5F788400CB297D /* SwiftSMTP */,
			);
			productName = "HMS-Team-3";
			productReference = 7C67CC0A2D5B759800A3E2C8 /* HMS-Team-3.app */;
			productType = "com.apple.product-type.application";
		};
/* End PBXNativeTarget section */

/* Begin PBXProject section */
		7C67CC022D5B759800A3E2C8 /* Project object */ = {
			isa = PBXProject;
			attributes = {
				BuildIndependentTargetsInParallel = 1;
				LastSwiftUpdateCheck = 1620;
				LastUpgradeCheck = 1620;
				TargetAttributes = {
					7C67CC092D5B759800A3E2C8 = {
						CreatedOnToolsVersion = 16.2;
					};
				};
			};
			buildConfigurationList = 7C67CC052D5B759800A3E2C8 /* Build configuration list for PBXProject "HMS-Team-3" */;
			developmentRegion = en;
			hasScannedForEncodings = 0;
			knownRegions = (
				en,
				Base,
			);
			mainGroup = 7C67CC012D5B759800A3E2C8;
			minimizedProjectReferenceProxies = 1;
			packageReferences = (
				7C67CC1D2D5B766200A3E2C8 /* XCRemoteSwiftPackageReference "firebase-ios-sdk" */,
				7CD81A762D5F788400CB297D /* XCRemoteSwiftPackageReference "Swift-SMTP" */,
			);
			preferredProjectObjectVersion = 77;
			productRefGroup = 7C67CC0B2D5B759800A3E2C8 /* Products */;
			projectDirPath = "";
			projectRoot = "";
			targets = (
				7C67CC092D5B759800A3E2C8 /* HMS-Team-3 */,
			);
		};
/* End PBXProject section */

/* Begin PBXResourcesBuildPhase section */
		7C67CC082D5B759800A3E2C8 /* Resources */ = {
			isa = PBXResourcesBuildPhase;
			buildActionMask = 2147483647;
			files = (
			);
			runOnlyForDeploymentPostprocessing = 0;
		};
/* End PBXResourcesBuildPhase section */

/* Begin PBXSourcesBuildPhase section */
		7C67CC062D5B759800A3E2C8 /* Sources */ = {
			isa = PBXSourcesBuildPhase;
			buildActionMask = 2147483647;
			files = (
			);
			runOnlyForDeploymentPostprocessing = 0;
		};
/* End PBXSourcesBuildPhase section */

/* Begin XCBuildConfiguration section */
		7C67CC162D5B759900A3E2C8 /* Debug */ = {
			isa = XCBuildConfiguration;
			buildSettings = {
				ALWAYS_SEARCH_USER_PATHS = NO;
				ASSETCATALOG_COMPILER_GENERATE_SWIFT_ASSET_SYMBOL_EXTENSIONS = YES;
				CLANG_ANALYZER_NONNULL = YES;
				CLANG_ANALYZER_NUMBER_OBJECT_CONVERSION = YES_AGGRESSIVE;
				CLANG_CXX_LANGUAGE_STANDARD = "gnu++20";
				CLANG_ENABLE_MODULES = YES;
				CLANG_ENABLE_OBJC_ARC = YES;
				CLANG_ENABLE_OBJC_WEAK = YES;
				CLANG_WARN_BLOCK_CAPTURE_AUTORELEASING = YES;
				CLANG_WARN_BOOL_CONVERSION = YES;
				CLANG_WARN_COMMA = YES;
				CLANG_WARN_CONSTANT_CONVERSION = YES;
				CLANG_WARN_DEPRECATED_OBJC_IMPLEMENTATIONS = YES;
				CLANG_WARN_DIRECT_OBJC_ISA_USAGE = YES_ERROR;
				CLANG_WARN_DOCUMENTATION_COMMENTS = YES;
				CLANG_WARN_EMPTY_BODY = YES;
				CLANG_WARN_ENUM_CONVERSION = YES;
				CLANG_WARN_INFINITE_RECURSION = YES;
				CLANG_WARN_INT_CONVERSION = YES;
				CLANG_WARN_NON_LITERAL_NULL_CONVERSION = YES;
				CLANG_WARN_OBJC_IMPLICIT_RETAIN_SELF = YES;
				CLANG_WARN_OBJC_LITERAL_CONVERSION = YES;
				CLANG_WARN_OBJC_ROOT_CLASS = YES_ERROR;
				CLANG_WARN_QUOTED_INCLUDE_IN_FRAMEWORK_HEADER = YES;
				CLANG_WARN_RANGE_LOOP_ANALYSIS = YES;
				CLANG_WARN_STRICT_PROTOTYPES = YES;
				CLANG_WARN_SUSPICIOUS_MOVE = YES;
				CLANG_WARN_UNGUARDED_AVAILABILITY = YES_AGGRESSIVE;
				CLANG_WARN_UNREACHABLE_CODE = YES;
				CLANG_WARN__DUPLICATE_METHOD_MATCH = YES;
				COPY_PHASE_STRIP = NO;
				DEBUG_INFORMATION_FORMAT = dwarf;
				ENABLE_STRICT_OBJC_MSGSEND = YES;
				ENABLE_TESTABILITY = YES;
				ENABLE_USER_SCRIPT_SANDBOXING = YES;
				GCC_C_LANGUAGE_STANDARD = gnu17;
				GCC_DYNAMIC_NO_PIC = NO;
				GCC_NO_COMMON_BLOCKS = YES;
				GCC_OPTIMIZATION_LEVEL = 0;
				GCC_PREPROCESSOR_DEFINITIONS = (
					"DEBUG=1",
					"$(inherited)",
				);
				GCC_WARN_64_TO_32_BIT_CONVERSION = YES;
				GCC_WARN_ABOUT_RETURN_TYPE = YES_ERROR;
				GCC_WARN_UNDECLARED_SELECTOR = YES;
				GCC_WARN_UNINITIALIZED_AUTOS = YES_AGGRESSIVE;
				GCC_WARN_UNUSED_FUNCTION = YES;
				GCC_WARN_UNUSED_VARIABLE = YES;
				IPHONEOS_DEPLOYMENT_TARGET = 18.2;
				LOCALIZATION_PREFERS_STRING_CATALOGS = YES;
				MTL_ENABLE_DEBUG_INFO = INCLUDE_SOURCE;
				MTL_FAST_MATH = YES;
				ONLY_ACTIVE_ARCH = YES;
				SDKROOT = iphoneos;
				SWIFT_ACTIVE_COMPILATION_CONDITIONS = "DEBUG $(inherited)";
				SWIFT_OPTIMIZATION_LEVEL = "-Onone";
			};
			name = Debug;
		};
		7C67CC172D5B759900A3E2C8 /* Release */ = {
			isa = XCBuildConfiguration;
			buildSettings = {
				ALWAYS_SEARCH_USER_PATHS = NO;
				ASSETCATALOG_COMPILER_GENERATE_SWIFT_ASSET_SYMBOL_EXTENSIONS = YES;
				CLANG_ANALYZER_NONNULL = YES;
				CLANG_ANALYZER_NUMBER_OBJECT_CONVERSION = YES_AGGRESSIVE;
				CLANG_CXX_LANGUAGE_STANDARD = "gnu++20";
				CLANG_ENABLE_MODULES = YES;
				CLANG_ENABLE_OBJC_ARC = YES;
				CLANG_ENABLE_OBJC_WEAK = YES;
				CLANG_WARN_BLOCK_CAPTURE_AUTORELEASING = YES;
				CLANG_WARN_BOOL_CONVERSION = YES;
				CLANG_WARN_COMMA = YES;
				CLANG_WARN_CONSTANT_CONVERSION = YES;
				CLANG_WARN_DEPRECATED_OBJC_IMPLEMENTATIONS = YES;
				CLANG_WARN_DIRECT_OBJC_ISA_USAGE = YES_ERROR;
				CLANG_WARN_DOCUMENTATION_COMMENTS = YES;
				CLANG_WARN_EMPTY_BODY = YES;
				CLANG_WARN_ENUM_CONVERSION = YES;
				CLANG_WARN_INFINITE_RECURSION = YES;
				CLANG_WARN_INT_CONVERSION = YES;
				CLANG_WARN_NON_LITERAL_NULL_CONVERSION = YES;
				CLANG_WARN_OBJC_IMPLICIT_RETAIN_SELF = YES;
				CLANG_WARN_OBJC_LITERAL_CONVERSION = YES;
				CLANG_WARN_OBJC_ROOT_CLASS = YES_ERROR;
				CLANG_WARN_QUOTED_INCLUDE_IN_FRAMEWORK_HEADER = YES;
				CLANG_WARN_RANGE_LOOP_ANALYSIS = YES;
				CLANG_WARN_STRICT_PROTOTYPES = YES;
				CLANG_WARN_SUSPICIOUS_MOVE = YES;
				CLANG_WARN_UNGUARDED_AVAILABILITY = YES_AGGRESSIVE;
				CLANG_WARN_UNREACHABLE_CODE = YES;
				CLANG_WARN__DUPLICATE_METHOD_MATCH = YES;
				COPY_PHASE_STRIP = NO;
				DEBUG_INFORMATION_FORMAT = "dwarf-with-dsym";
				ENABLE_NS_ASSERTIONS = NO;
				ENABLE_STRICT_OBJC_MSGSEND = YES;
				ENABLE_USER_SCRIPT_SANDBOXING = YES;
				GCC_C_LANGUAGE_STANDARD = gnu17;
				GCC_NO_COMMON_BLOCKS = YES;
				GCC_WARN_64_TO_32_BIT_CONVERSION = YES;
				GCC_WARN_ABOUT_RETURN_TYPE = YES_ERROR;
				GCC_WARN_UNDECLARED_SELECTOR = YES;
				GCC_WARN_UNINITIALIZED_AUTOS = YES_AGGRESSIVE;
				GCC_WARN_UNUSED_FUNCTION = YES;
				GCC_WARN_UNUSED_VARIABLE = YES;
				IPHONEOS_DEPLOYMENT_TARGET = 18.2;
				LOCALIZATION_PREFERS_STRING_CATALOGS = YES;
				MTL_ENABLE_DEBUG_INFO = NO;
				MTL_FAST_MATH = YES;
				SDKROOT = iphoneos;
				SWIFT_COMPILATION_MODE = wholemodule;
				VALIDATE_PRODUCT = YES;
			};
			name = Release;
		};
		7C67CC192D5B759900A3E2C8 /* Debug */ = {
			isa = XCBuildConfiguration;
			buildSettings = {
				ASSETCATALOG_COMPILER_APPICON_NAME = AppIcon;
				ASSETCATALOG_COMPILER_GLOBAL_ACCENT_COLOR_NAME = AccentColor;
				CODE_SIGN_STYLE = Automatic;
				CURRENT_PROJECT_VERSION = 1;
				DEVELOPMENT_ASSET_PATHS = "\"HMS-Team-3/Preview Content\"";
				DEVELOPMENT_TEAM = 5K7D67U83P;
				ENABLE_PREVIEWS = YES;
				GENERATE_INFOPLIST_FILE = YES;
				INFOPLIST_KEY_UIApplicationSceneManifest_Generation = YES;
				INFOPLIST_KEY_UIApplicationSupportsIndirectInputEvents = YES;
				INFOPLIST_KEY_UILaunchScreen_Generation = YES;
				INFOPLIST_KEY_UISupportedInterfaceOrientations_iPad = "UIInterfaceOrientationPortrait UIInterfaceOrientationPortraitUpsideDown UIInterfaceOrientationLandscapeLeft UIInterfaceOrientationLandscapeRight";
				INFOPLIST_KEY_UISupportedInterfaceOrientations_iPhone = "UIInterfaceOrientationPortrait UIInterfaceOrientationLandscapeLeft UIInterfaceOrientationLandscapeRight";
				LD_RUNPATH_SEARCH_PATHS = (
					"$(inherited)",
					"@executable_path/Frameworks",
				);
				MARKETING_VERSION = 1.0;
				PRODUCT_BUNDLE_IDENTIFIER = "com.shivam.HMS-Team-3";
				PRODUCT_NAME = "$(TARGET_NAME)";
				SWIFT_EMIT_LOC_STRINGS = YES;
				SWIFT_VERSION = 5.0;
				TARGETED_DEVICE_FAMILY = "1,2";
			};
			name = Debug;
		};
		7C67CC1A2D5B759900A3E2C8 /* Release */ = {
			isa = XCBuildConfiguration;
			buildSettings = {
				ASSETCATALOG_COMPILER_APPICON_NAME = AppIcon;
				ASSETCATALOG_COMPILER_GLOBAL_ACCENT_COLOR_NAME = AccentColor;
				CODE_SIGN_STYLE = Automatic;
				CURRENT_PROJECT_VERSION = 1;
				DEVELOPMENT_ASSET_PATHS = "\"HMS-Team-3/Preview Content\"";
				DEVELOPMENT_TEAM = 5K7D67U83P;
				ENABLE_PREVIEWS = YES;
				GENERATE_INFOPLIST_FILE = YES;
				INFOPLIST_KEY_UIApplicationSceneManifest_Generation = YES;
				INFOPLIST_KEY_UIApplicationSupportsIndirectInputEvents = YES;
				INFOPLIST_KEY_UILaunchScreen_Generation = YES;
				INFOPLIST_KEY_UISupportedInterfaceOrientations_iPad = "UIInterfaceOrientationPortrait UIInterfaceOrientationPortraitUpsideDown UIInterfaceOrientationLandscapeLeft UIInterfaceOrientationLandscapeRight";
				INFOPLIST_KEY_UISupportedInterfaceOrientations_iPhone = "UIInterfaceOrientationPortrait UIInterfaceOrientationLandscapeLeft UIInterfaceOrientationLandscapeRight";
				LD_RUNPATH_SEARCH_PATHS = (
					"$(inherited)",
					"@executable_path/Frameworks",
				);
				MARKETING_VERSION = 1.0;
				PRODUCT_BUNDLE_IDENTIFIER = "com.shivam.HMS-Team-3";
				PRODUCT_NAME = "$(TARGET_NAME)";
				SWIFT_EMIT_LOC_STRINGS = YES;
				SWIFT_VERSION = 5.0;
				TARGETED_DEVICE_FAMILY = "1,2";
			};
			name = Release;
		};
/* End XCBuildConfiguration section */

/* Begin XCConfigurationList section */
		7C67CC052D5B759800A3E2C8 /* Build configuration list for PBXProject "HMS-Team-3" */ = {
			isa = XCConfigurationList;
			buildConfigurations = (
				7C67CC162D5B759900A3E2C8 /* Debug */,
				7C67CC172D5B759900A3E2C8 /* Release */,
			);
			defaultConfigurationIsVisible = 0;
			defaultConfigurationName = Release;
		};
		7C67CC182D5B759900A3E2C8 /* Build configuration list for PBXNativeTarget "HMS-Team-3" */ = {
			isa = XCConfigurationList;
			buildConfigurations = (
				7C67CC192D5B759900A3E2C8 /* Debug */,
				7C67CC1A2D5B759900A3E2C8 /* Release */,
			);
			defaultConfigurationIsVisible = 0;
			defaultConfigurationName = Release;
		};
/* End XCConfigurationList section */

/* Begin XCRemoteSwiftPackageReference section */
		7C67CC1D2D5B766200A3E2C8 /* XCRemoteSwiftPackageReference "firebase-ios-sdk" */ = {
			isa = XCRemoteSwiftPackageReference;
			repositoryURL = "https://github.com/firebase/firebase-ios-sdk";
			requirement = {
				kind = upToNextMajorVersion;
				minimumVersion = 11.8.1;
			};
		};
		7CD81A762D5F788400CB297D /* XCRemoteSwiftPackageReference "Swift-SMTP" */ = {
			isa = XCRemoteSwiftPackageReference;
			repositoryURL = "https://github.com/Kitura/Swift-SMTP";
			requirement = {
				kind = upToNextMajorVersion;
				minimumVersion = 6.0.0;
			};
		};
/* End XCRemoteSwiftPackageReference section */

/* Begin XCSwiftPackageProductDependency section */
		7C3AF5612D5C49C1005ABF7D /* FirebaseFirestore */ = {
			isa = XCSwiftPackageProductDependency;
			package = 7C67CC1D2D5B766200A3E2C8 /* XCRemoteSwiftPackageReference "firebase-ios-sdk" */;
			productName = FirebaseFirestore;
		};
		7C3AF5632D5C4ADC005ABF7D /* FirebaseStorage */ = {
			isa = XCSwiftPackageProductDependency;
			package = 7C67CC1D2D5B766200A3E2C8 /* XCRemoteSwiftPackageReference "firebase-ios-sdk" */;
			productName = FirebaseStorage;
		};
		7C3AF5652D5C9896005ABF7D /* FirebaseAuth */ = {
			isa = XCSwiftPackageProductDependency;
			package = 7C67CC1D2D5B766200A3E2C8 /* XCRemoteSwiftPackageReference "firebase-ios-sdk" */;
			productName = FirebaseAuth;
		};
		7C3AF5672D5C9BEB005ABF7D /* FirebaseAuthCombine-Community */ = {
			isa = XCSwiftPackageProductDependency;
			package = 7C67CC1D2D5B766200A3E2C8 /* XCRemoteSwiftPackageReference "firebase-ios-sdk" */;
			productName = "FirebaseAuthCombine-Community";
		};
		7C3AF5692D5C9BEB005ABF7D /* FirebaseCore */ = {
			isa = XCSwiftPackageProductDependency;
			package = 7C67CC1D2D5B766200A3E2C8 /* XCRemoteSwiftPackageReference "firebase-ios-sdk" */;
			productName = FirebaseCore;
		};
		7C3AF56B2D5C9BEB005ABF7D /* FirebaseCrashlytics */ = {
			isa = XCSwiftPackageProductDependency;
			package = 7C67CC1D2D5B766200A3E2C8 /* XCRemoteSwiftPackageReference "firebase-ios-sdk" */;
			productName = FirebaseCrashlytics;
		};
		7C3AF56D2D5C9BEB005ABF7D /* FirebaseDatabase */ = {
			isa = XCSwiftPackageProductDependency;
			package = 7C67CC1D2D5B766200A3E2C8 /* XCRemoteSwiftPackageReference "firebase-ios-sdk" */;
			productName = FirebaseDatabase;
		};
		7C3AF56F2D5C9BEB005ABF7D /* FirebaseDynamicLinks */ = {
			isa = XCSwiftPackageProductDependency;
			package = 7C67CC1D2D5B766200A3E2C8 /* XCRemoteSwiftPackageReference "firebase-ios-sdk" */;
			productName = FirebaseDynamicLinks;
		};
		7C3AF5712D5C9BEB005ABF7D /* FirebaseFirestoreCombine-Community */ = {
			isa = XCSwiftPackageProductDependency;
			package = 7C67CC1D2D5B766200A3E2C8 /* XCRemoteSwiftPackageReference "firebase-ios-sdk" */;
			productName = "FirebaseFirestoreCombine-Community";
		};
		7C3AF5732D5C9BEB005ABF7D /* FirebaseFunctions */ = {
			isa = XCSwiftPackageProductDependency;
			package = 7C67CC1D2D5B766200A3E2C8 /* XCRemoteSwiftPackageReference "firebase-ios-sdk" */;
			productName = FirebaseFunctions;
		};
		7C3AF5752D5C9BEB005ABF7D /* FirebaseFunctionsCombine-Community */ = {
			isa = XCSwiftPackageProductDependency;
			package = 7C67CC1D2D5B766200A3E2C8 /* XCRemoteSwiftPackageReference "firebase-ios-sdk" */;
			productName = "FirebaseFunctionsCombine-Community";
		};
		7C3AF5772D5C9BEB005ABF7D /* FirebaseInAppMessaging-Beta */ = {
			isa = XCSwiftPackageProductDependency;
			package = 7C67CC1D2D5B766200A3E2C8 /* XCRemoteSwiftPackageReference "firebase-ios-sdk" */;
			productName = "FirebaseInAppMessaging-Beta";
		};
		7C3AF5792D5C9BEB005ABF7D /* FirebaseInstallations */ = {
			isa = XCSwiftPackageProductDependency;
			package = 7C67CC1D2D5B766200A3E2C8 /* XCRemoteSwiftPackageReference "firebase-ios-sdk" */;
			productName = FirebaseInstallations;
		};
		7C3AF57B2D5C9BEB005ABF7D /* FirebaseMLModelDownloader */ = {
			isa = XCSwiftPackageProductDependency;
			package = 7C67CC1D2D5B766200A3E2C8 /* XCRemoteSwiftPackageReference "firebase-ios-sdk" */;
			productName = FirebaseMLModelDownloader;
		};
		7C3AF57D2D5C9BEB005ABF7D /* FirebaseMessaging */ = {
			isa = XCSwiftPackageProductDependency;
			package = 7C67CC1D2D5B766200A3E2C8 /* XCRemoteSwiftPackageReference "firebase-ios-sdk" */;
			productName = FirebaseMessaging;
		};
		7C3AF57F2D5C9BEB005ABF7D /* FirebasePerformance */ = {
			isa = XCSwiftPackageProductDependency;
			package = 7C67CC1D2D5B766200A3E2C8 /* XCRemoteSwiftPackageReference "firebase-ios-sdk" */;
			productName = FirebasePerformance;
		};
		7C3AF5812D5C9BEB005ABF7D /* FirebaseRemoteConfig */ = {
			isa = XCSwiftPackageProductDependency;
			package = 7C67CC1D2D5B766200A3E2C8 /* XCRemoteSwiftPackageReference "firebase-ios-sdk" */;
			productName = FirebaseRemoteConfig;
		};
		7C3AF5832D5C9BEB005ABF7D /* FirebaseStorageCombine-Community */ = {
			isa = XCSwiftPackageProductDependency;
			package = 7C67CC1D2D5B766200A3E2C8 /* XCRemoteSwiftPackageReference "firebase-ios-sdk" */;
			productName = "FirebaseStorageCombine-Community";
		};
		7C3AF5852D5C9BEB005ABF7D /* FirebaseVertexAI */ = {
			isa = XCSwiftPackageProductDependency;
			package = 7C67CC1D2D5B766200A3E2C8 /* XCRemoteSwiftPackageReference "firebase-ios-sdk" */;
			productName = FirebaseVertexAI;
		};
		7C67CC1E2D5B766200A3E2C8 /* FirebaseAnalytics */ = {
			isa = XCSwiftPackageProductDependency;
			package = 7C67CC1D2D5B766200A3E2C8 /* XCRemoteSwiftPackageReference "firebase-ios-sdk" */;
			productName = FirebaseAnalytics;
		};
		7C67CC202D5B766200A3E2C8 /* FirebaseAnalyticsOnDeviceConversion */ = {
			isa = XCSwiftPackageProductDependency;
			package = 7C67CC1D2D5B766200A3E2C8 /* XCRemoteSwiftPackageReference "firebase-ios-sdk" */;
			productName = FirebaseAnalyticsOnDeviceConversion;
		};
		7C67CC222D5B766200A3E2C8 /* FirebaseAnalyticsWithoutAdIdSupport */ = {
			isa = XCSwiftPackageProductDependency;
			package = 7C67CC1D2D5B766200A3E2C8 /* XCRemoteSwiftPackageReference "firebase-ios-sdk" */;
			productName = FirebaseAnalyticsWithoutAdIdSupport;
		};
		7C67CC242D5B766200A3E2C8 /* FirebaseAppCheck */ = {
			isa = XCSwiftPackageProductDependency;
			package = 7C67CC1D2D5B766200A3E2C8 /* XCRemoteSwiftPackageReference "firebase-ios-sdk" */;
			productName = FirebaseAppCheck;
		};
		7C67CC262D5B766200A3E2C8 /* FirebaseAppDistribution-Beta */ = {
			isa = XCSwiftPackageProductDependency;
			package = 7C67CC1D2D5B766200A3E2C8 /* XCRemoteSwiftPackageReference "firebase-ios-sdk" */;
			productName = "FirebaseAppDistribution-Beta";
		};
		7CD81A772D5F788400CB297D /* SwiftSMTP */ = {
			isa = XCSwiftPackageProductDependency;
			package = 7CD81A762D5F788400CB297D /* XCRemoteSwiftPackageReference "Swift-SMTP" */;
			productName = SwiftSMTP;
		};
/* End XCSwiftPackageProductDependency section */
	};
	rootObject = 7C67CC022D5B759800A3E2C8 /* Project object */;
}
